
Microsoft Visual Studio Solution File, Format Version 12.00
# Visual Studio Version 16
VisualStudioVersion = 16.0.810.14
MinimumVisualStudioVersion = 10.0.40219.1
Project("{FAE04EC0-301F-11D3-BF4B-00C04F79EFBC}") = "Affordable", "Affordable\Affordable.csproj", "{22FBAE9D-6041-4150-9AF8-FCFD3C3CD988}"
EndProject
Project("{FAE04EC0-301F-11D3-BF4B-00C04F79EFBC}") = "AffordableCalcTest", "AffordableCalcTest\AffordableCalcTest.csproj", "{D75A86A3-4A5F-4920-AAF1-2D532E895492}"
EndProject
Project("{FAE04EC0-301F-11D3-BF4B-00C04F79EFBC}") = "PropertyFinder", "PropertyFinder\PropertyFinder.csproj", "{C677657F-5ED3-4583-B05B-7A0224612B3B}"
EndProject
Global
	GlobalSection(SolutionConfigurationPlatforms) = preSolution
		Debug|Any CPU = Debug|Any CPU
		Release|Any CPU = Release|Any CPU
	EndGlobalSection
	GlobalSection(ProjectConfigurationPlatforms) = postSolution
		{22FBAE9D-6041-4150-9AF8-FCFD3C3CD988}.Debug|Any CPU.ActiveCfg = Debug|Any CPU
		{22FBAE9D-6041-4150-9AF8-FCFD3C3CD988}.Debug|Any CPU.Build.0 = Debug|Any CPU
		{22FBAE9D-6041-4150-9AF8-FCFD3C3CD988}.Release|Any CPU.ActiveCfg = Release|Any CPU
		{22FBAE9D-6041-4150-9AF8-FCFD3C3CD988}.Release|Any CPU.Build.0 = Release|Any CPU
		{D75A86A3-4A5F-4920-AAF1-2D532E895492}.Debug|Any CPU.ActiveCfg = Debug|Any CPU
		{D75A86A3-4A5F-4920-AAF1-2D532E895492}.Debug|Any CPU.Build.0 = Debug|Any CPU
		{D75A86A3-4A5F-4920-AAF1-2D532E895492}.Release|Any CPU.ActiveCfg = Release|Any CPU
		{D75A86A3-4A5F-4920-AAF1-2D532E895492}.Release|Any CPU.Build.0 = Release|Any CPU
		{C677657F-5ED3-4583-B05B-7A0224612B3B}.Debug|Any CPU.ActiveCfg = Debug|Any CPU
		{C677657F-5ED3-4583-B05B-7A0224612B3B}.Debug|Any CPU.Build.0 = Debug|Any CPU
		{C677657F-5ED3-4583-B05B-7A0224612B3B}.Release|Any CPU.ActiveCfg = Release|Any CPU
		{C677657F-5ED3-4583-B05B-7A0224612B3B}.Release|Any CPU.Build.0 = Release|Any CPU
	EndGlobalSection
	GlobalSection(SolutionProperties) = preSolution
		HideSolutionNode = FALSE
	EndGlobalSection
	GlobalSection(ExtensibilityGlobals) = postSolution
		SolutionGuid = {3C69D55A-DC0E-49EE-84DA-310DDACBE39C}
	EndGlobalSection
EndGlobal
